{
  "name": "milk-tea-ai-prototype",
  "version": "0.1.0",
  "lockfileVersion": 3,
  "requires": true,
  "packages": {
    "": {
      "name": "milk-tea-ai-prototype",
      "version": "0.1.0",
      "dependencies": {
        "@vitejs/plugin-react": "latest",
        "react": "latest",
        "react-dom": "latest",
   ã^8¶‰žËkºwµçL“œÌÓ[\ÏOH‹ˆ˜ÜHŽˆÂˆ˜\›M‚ˆKˆ›XÙ[œÙHŽˆ“TL‹Œ‹ˆ›Ü[Û˜[ŽˆYKˆ›ÜÈŽˆÂˆ˜[™›ÚY‚ˆKˆ™[™Ú[™\ÈŽˆÂˆ››ÙHŽˆHL‹ŒŒ‚ˆKˆ™[™[™ÈŽˆÂˆ\HŽˆ›Ü[˜ÛÛXÝ]™H‹ˆ\›ŽˆšÎ‹ËÛÜ[˜ÛÛXÝ]™K˜ÛÛKÜ\˜Ù[‚ˆBˆKˆ››ÙWÛ[Ù[\ËÛYÚš[™ØÜÜËY\Ú[‹X\›MŽˆÂˆ™\œÚ[ÛˆŽˆŒKŒÌËŒ‹ˆœ™\ÛÛ™YŽˆšÎ‹ËÜ™YÚ\ÝžK›œZœË›Ü™ËÛYÚš[™ØÜÜËY\Ú[‹X\›MËKÛYÚš[™ØÜÜËY\Ú[‹X\›MLKŒÌËŒÞˆ‹ˆš[YÜš]HŽˆœÚMLL‹TØÚX^ŽY[“•ÛŽXŒÝÊÞŒ\V^ÔVMœÔLÛ\”SU’“VžÙšRÐU›]–‹Þ•[ÌÝÍŒ]UÑËÑ™ÏOH‹ˆ˜ÜHŽˆÂˆ˜\›M‚ˆKˆ›XÙ[œÙHŽˆ“TL‹Œ‹ˆ›Ü[Û˜[ŽˆYKˆ›ÜÈŽˆÂˆ™\Ú[ˆ‚ˆKˆ™[™Ú[™\ÈŽˆÂˆ››ÙHŽˆHL‹ŒŒ‚ˆKˆ™[™[™ÈŽˆÂˆ\HŽˆ›Ü[˜ÛÛXÝ]™H‹ˆ\›ŽˆšÎ‹ËÛÜ[˜ÛÛXÝ]™K˜ÛÛKÜ\˜Ù[‚ˆBˆKˆ››ÙWÛ[Ù[\ËÛYÚš[™ØÜÜËY\Ú[‹^ŽˆÂˆ™\œÚ[ÛˆŽˆŒKŒÌËŒ‹ˆœ™\ÛÛ™YŽˆšÎ‹ËÜ™YÚ\ÝžK›œZœË›Ü™ËÛYÚš[™ØÜÜËY\Ú[‹^ËKÛYÚš[™ØÜÜËY\Ú[‹^LKŒÌËŒÞˆ‹ˆš[YÜš]HŽˆœÚMLL‹VUT^œš›Ó“žQÞMšMXÒžž™ÒQÕÓ]œÊÙÕÜNYÜTšSœžP\“YÖšÑ]ÌN™’•ØÔžSPœŠÛNOOH‹ˆ˜ÜHŽˆÂˆž‚ˆKˆ›XÙ[œÙHŽˆ“TL‹Œ‹ˆ›Ü[Û˜[ŽˆYKˆ›ÜÈŽˆÂˆ™\Ú[ˆ‚ˆKˆ™[™Ú[™\ÈŽˆÂˆ››ÙHŽˆHL‹ŒŒ‚ˆKˆ™[™[™ÈŽˆÂˆ\HŽˆ›Ü[˜ÛÛXÝ]™H‹ˆ\›ŽˆšÎ‹ËÛÜ[˜ÛÛXÝ]™K˜ÛÛKÜ\˜Ù[‚ˆBˆKˆ››ÙWÛ[Ù[\ËÛYÚš[™ØÜÜËYœ™YXœÙ^ŽˆÂˆ™\œÚ[ÛˆŽˆŒKŒÌËŒ‹ˆœ™\ÛÛ™YŽˆšÎ‹ËÜ™YÚ\ÝžK›œZœË›Ü™ËÛYÚš[™ØÜÜËYœ™YXœÙ^ËKÛYÚš[™ØÜÜËYœ™YXœÙ^LKŒÌËŒÞˆ‹ˆš[YÜš]HŽˆœÚMLL‹TTSKÕKÚXZ’ÐÖJÔšUÝPÖŽ\ÙKÖZÍÛ‘Í]ÎÚÙÚ^^“ÛÝ‘ÊÔ•
ÔZ’Í‘˜Ñ•\Ý[Ð›’[ËÓÌÔÝ”™ÏOH‹ˆ˜ÜHŽˆÂˆž‚ˆKˆ›XÙ[œÙHŽˆ“TL‹Œ‹ˆ›Ü[Û˜[ŽˆYKˆ›ÜÈŽˆÂˆ™œ™YXœÙ‚ˆKˆ™[™Ú[™\ÈŽˆÂˆ››ÙHŽˆHL‹ŒŒ‚ˆKˆ™[™[™ÈŽˆÂˆ\HŽˆ›Ü[˜ÛÛXÝ]™H‹ˆ\›ŽˆšÎ‹ËÛÜ[˜ÛÛXÝ]™K˜ÛÛKÜ\˜Ù[‚ˆBˆKˆ››ÙWÛ[Ù[\ËÛYÚš[™ØÜÜË[[^X\›KYÛYXXšZˆŽˆÂˆ™\œÚ[ÛˆŽˆŒKŒÌËŒ‹ˆœ™\ÛÛ™YŽˆšÎ‹ËÜ™YÚ\ÝžK›œZœË›Ü™ËÛYÚš[™ØÜÜË[[^X\›KYÛYXXšZ‹ËKÛYÚš[™ØÜÜË[[^X\›KYÛYXXšZ‹LKŒÌËŒÞˆ‹ˆš[YÜš]HŽˆœÚMLL‹SÑ•™MšTÌ[M”‹Í•ÚZV‘ÜÍÝTNULÌ•]ÍSž”TMÞÔœSÒÞ”TšÌÜ–LZÒTžÕÞ“ÚURT“OOH‹ˆ˜ÜHŽˆÂˆ˜\›H‚ˆKˆ›XÙ[œÙHŽˆ“TL‹Œ‹ˆ›Ü[Û˜[ŽˆYKˆ›ÜÈŽˆÂˆ›[^‚ˆKˆ™[™Ú[™\ÈŽˆÂˆ››ÙHŽˆHL‹ŒŒ‚ˆKˆ™[™[™ÈŽˆÂˆ\HŽˆ›Ü[˜ÛÛXÝ]™H‹ˆ\›ŽˆšÎ‹ËÛÜ[˜ÛÛXÝ]™K˜ÛÛKÜ\˜Ù[‚ˆBˆKˆ››ÙWÛ[Ù[\ËÛYÚš[™ØÜÜË[[^X\›MYÛHŽˆÂˆ™\œÚ[ÛˆŽˆŒKŒÌËŒ‹ˆœ™\ÛÛ™YŽˆšÎ‹ËÜ™YÚ\ÝžK›œZœË›Ü™ËÛYÚš[™ØÜÜË[[^X\›MYÛKËKÛYÚš[™ØÜÜË[[^X\›MYÛKLKŒÌËŒÞˆ‹ˆš[YÜš]HŽˆœÚMLL‹ZŒ‹Ú]^MžÍ›ÒÖYÐœSšL™Ì“ÚÍÑÝYœYÜÌT
ÌœÝP•žZNRM–RM][Õ‘žQU[ŒÙPÑZžVÔ[’ÙÏOH‹ˆ˜ÜHŽˆÂˆ˜\›M‚ˆKˆ›X˜ÈŽˆÂˆ™ÛX˜È‚ˆKˆ›XÙ[œÙHŽˆ“TL‹Œ‹ˆ›Ü[Û˜[ŽˆYKˆ›ÜÈŽˆÂˆ›[^‚ˆKˆ™[™Ú[™\ÈŽˆÂˆ››ÙHŽˆHL‹ŒŒ‚ˆKˆ™[™[™ÈŽˆÂˆ\HŽˆ›Ü[˜ÛÛXÝ]™H‹ˆ\›ŽˆšÎ‹ËÛÜ[˜ÛÛXÝ]™K˜ÛÛKÜ\˜Ù[‚ˆBˆKˆ››ÙWÛ[Ù[\ËÛYÚš[™ØÜÜË[[^X\›M[]\ÛŽˆÂˆ™\œÚ[ÛˆŽˆŒKŒÌËŒ‹ˆœ™\ÛÛ™YŽˆšÎ‹ËÜ™YÚ\ÝžK›œZœË›Ü™ËÛYÚš[™ØÜÜË[[^X\›M[]\ÛËKÛYÚš[™ØÜÜË[[^X\›M[]\ÛLKŒÌËŒÞˆ‹ˆš[YÜš]HŽˆœÚMLL‹^ZSÍT“Ó]VTYÖÍŒZ–•MPÖTÑ–‘ÒÖU[R›ŒJÞ•ÍM[ÐÝRNS™˜ÕšSQ‘ÙÕÛÐ”Û‹Ñ[SSQÙÌ“ÝOOH‹ˆ˜ÜHŽˆÂˆ˜\›M‚ˆKˆ›X˜ÈŽˆÂˆ›]\Û‚ˆKˆ›XÙ[œÙHŽˆ“TL‹Œ‹ˆ›Ü[Û˜[ŽˆYKˆ›ÜÈŽˆÂˆ›[^‚ˆKˆ™[™Ú[™\ÈŽˆÂˆ››ÙHŽˆHL‹ŒŒ‚ˆKˆ™[™[™ÈŽˆÂˆ\HŽˆ›Ü[˜ÛÛXÝ]™H‹ˆ\›ŽˆšÎ‹ËÛÜ[˜ÛÛXÝ]™K˜ÛÛKÜ\˜Ù[‚ˆBˆKˆ››ÙWÛ[Ù[\ËÛYÚš[™ØÜÜË[[^^YÛHŽˆÂˆ™\œÚ[ÛˆŽˆŒKŒÌËŒ‹ˆœ™\ÛÛ™YŽˆšÎ‹ËÜ™YÚ\ÝžK›œZœË›Ü™ËÛYÚš[™ØÜÜË[[^^YÛKËKÛYÚš[™ØÜÜË[[^^YÛKLKŒÌËŒÞˆ‹ˆš[YÜš]HŽˆœÚMLL‹X\ŠÒMÓXÓŒ›ÍœžXÓ‘ÎKÌÐKÐœRÕÌ›ŒšžSÑÌÓQV–QPQ[[Ó”ÊÐ‘™“YÒÝž[“Í]TXÝPYÏOH‹ˆ˜ÜHŽˆÂˆž‚ˆKˆ›X˜ÈŽˆÂˆ™ÛX˜È‚ˆKˆ›XÙ[œÙHŽˆ“TL‹Œ‹ˆ›Ü[Û˜[ŽˆYKˆ›ÜÈŽˆÂˆ›[^‚ˆKˆ™[™Ú[™\ÈŽˆÂˆ››ÙHŽˆHL‹ŒŒ‚ˆKˆ™[™[™ÈŽˆÂˆ\HŽˆ›Ü[˜ÛÛXÝ]™H‹ˆ\›ŽˆšÎ‹ËÛÜ[˜ÛÛXÝ]™K˜ÛÛKÜ\˜Ù[‚ˆBˆKˆ››ÙWÛ[Ù[\ËÛYÚš[™ØÜÜË[[^^[]\ÛŽˆÂˆ™\œÚ[ÛˆŽˆŒKŒÌËŒ‹ˆœ™\ÛÛ™YŽˆšÎ‹ËÜ™YÚ\ÝžK›œZœË›Ü™ËÛYÚš[™ØÜÜË[[^^[]\ÛËKÛYÚš[™ØÜÜË[[^^[]\ÛLKŒÌËŒÞˆ‹ˆš[YÜš]HŽˆœÚMLL‹T–ZVXšÛÚÝÌ™’Ü\^™‘M[Ú[ÑT‘ÓÒ‘•Rž‘œÌSRÍšQ›‘[˜^ŒYœSUÌÓÚÝ”VÙU]ÌX]Ü[”ÏOH‹ˆ˜ÜHŽˆÂˆž‚ˆKˆ›X˜ÈŽˆÂˆ›]\Û‚ˆKˆ›XÙ[œÙHŽˆ“TL‹Œ‹ˆ›Ü[Û˜[ŽˆYKˆ›ÜÈŽˆÂˆ›[^‚ˆKˆ™[™Ú[™\ÈŽˆÂˆ››ÙHŽˆHL‹ŒŒ‚ˆKˆ™[™[™ÈŽˆÂˆ\HŽˆ›Ü[˜ÛÛXÝ]™H‹ˆ\›ŽˆšÎ‹ËÛÜ[˜ÛÛXÝ]™K˜ÛÛKÜ\˜Ù[‚ˆBˆKˆ››ÙWÛ[Ù[\ËÛYÚš[™ØÜÜË]Ú[ŒÌ‹X\›M[\Ý˜ÈŽˆÂˆ™\œÚ[ÛˆŽˆŒKŒÌËŒ‹ˆœ™\ÛÛ™YŽˆšÎ‹ËÜ™YÚ\ÝžK›œZœË›Ü™ËÛYÚš[™ØÜÜË]Ú[ŒÌ‹X\›M[\Ý˜ËËKÛYÚš[™ØÜÜË]Ú[ŒÌ‹X\›M[\Ý˜ËLKŒÌËŒÞˆ‹ˆš[YÜš]HŽˆœÚMLL‹LRÊÓT“Ñ•œœ™šÚÚÍÐœ•Øž”Ì•™ŒL“Ö™ÔŽQÛÕœÐUÞÓž]ZVVX•ŒÚŠÍœ›˜ÙZ–P^–ÐOOH‹ˆ˜ÜHŽˆÂˆ˜\›M‚ˆKˆ›XÙ[œÙHŽˆ“TL‹Œ‹ˆ›Ü[Û˜[ŽˆYKˆ›ÜÈŽˆÂˆÚ[ŒÌˆ‚ˆKˆ™[™Ú[™\ÈŽˆÂˆ››ÙHŽˆHL‹ŒŒ‚ˆKˆ™[™[™ÈŽˆÂˆ\HŽˆ›Ü[˜ÛÛXÝ]™H‹ˆ\›ŽˆšÎ‹ËÛÜ[˜ÛÛXÝ]™K˜ÛÛKÜ\˜Ù[‚ˆBˆKˆ››ÙWÛ[Ù[\ËÛYÚš[™ØÜÜË]Ú[ŒÌ‹^[\Ý˜ÈŽˆÂˆ™\œÚ[ÛˆŽˆŒKŒÌËŒ‹ˆœ™\ÛÛ™YŽˆšÎ‹ËÜ™YÚ\ÝžK›œZœË›Ü™ËÛYÚš[™ØÜÜË]Ú[ŒÌ‹^[\Ý˜ËËKÛYÚš[™ØÜÜË]Ú[ŒÌ‹^[\Ý˜ËLKŒÌËŒÞˆ‹ˆš[YÜš]HŽˆœÚMLL‹SÛRPÑÖœTÜœžN‘›Ý‘ÜYÌÑÛÐÜ]]–]Ò\R’ÑPÌJÛŽS™ÑšQœRÛS]ŒVšÜQœ‘RÒÔÞZÕ
ÙZPOOH‹ˆ˜ÜHŽˆÂˆž‚ˆKˆ›XÙ[œÙHŽˆ“TL‹Œ‹ˆ›Ü[Û˜[ŽˆYKˆ›ÜÈŽˆÂˆÚ[ŒÌˆ‚ˆKˆ™[™Ú[™\ÈŽˆÂˆ››ÙHŽˆHL‹ŒŒ‚ˆKˆ™[™[™ÈŽˆÂˆ\HŽˆ›Ü[˜ÛÛXÝ]™H‹ˆ\›ŽˆšÎ‹ËÛÜ[˜ÛÛXÝ]™K˜ÛÛKÜ\˜Ù[‚ˆBˆKˆ››ÙWÛ[Ù[\ËÛ˜[›ÚYŽˆÂˆ™\œÚ[ÛˆŽˆŒËŒËŒNH‹ˆœ™\ÛÛ™YŽˆšÎ‹ËÜ™YÚ\ÝžK›œZœË›Ü™ËÛ˜[›ÚYËKÛ˜[›ÚYLËŒËŒNKÞˆ‹ˆš[YÜš]HŽˆœÚMLL‹VLSžMÝ]ÍM[ÑÒÙTVQÓÞZÕPš“ØÑÕ‹Ì’ÐÊÍšÙYQÜY™
ÊÛZ“ZRQ[–]š‘[Ö]•ÝRÝT
ÛÚÔÙYÏOH‹ˆ™[™[™ÈŽˆÂˆÂˆ\HŽˆ™Ú]Xˆ‹ˆ\›ŽˆšÎ‹ËÙÚ]X‹˜ÛÛKÜÜÛœÛÜœËØZH‚ˆBˆKˆ›XÙ[œÙHŽˆ“RU‹ˆ˜š[ˆŽˆÂˆ›˜[›ÚYŽˆ˜š[‹Û˜[›ÚY˜ÚœÈ‚ˆKˆ™[™Ú[™\ÈŽˆÂˆ››ÙHŽˆ—ŒLŒLˆŒLËÈŒMLMKŒŒH‚ˆBˆKˆ››ÙWÛ[Ù[\ËÜXÛØÛÛÜœÈŽˆÂˆ™\œÚ[ÛˆŽˆŒKŒKŒH‹ˆœ™\ÛÛ™YŽˆšÎ‹ËÜ™YÚ\ÝžK›œZœË›Ü™ËÜXÛØÛÛÜœËËKÜXÛØÛÛÜœËLKŒKŒKÞˆ‹ˆš[YÜš]HŽˆœÚMLL‹^ÙRœÛšSN[\QÛQ]ÍM›LÍÍ›UšÑVÚ‘X‹Ôž‘žYYÓ[ÙSœÛÖQ‘‹ÓÝLÑ^SXÙT›R‘UOOH‹ˆ›XÙ[œÙHŽˆ’TÐÈ‚ˆKˆ››ÙWÛ[Ù[\ËÜXÛÛX]ÚŽˆÂˆ™\œÚ[ÛˆŽˆŒÈ‹ˆœ™\ÛÛ™YŽˆšÎ‹ËÜ™YÚ\ÝžK›œZœË›Ü™ËÜXÛÛX]ÚËKÜXÛÛX]ÚMŒËÞˆ‹ˆš[YÜš]HŽˆœÚMLL‹\XÒNL’UÜRœÑLŽR’ÓYÑÛKÙ’[•Í”[”ÚRRZž‘ÓÜØÑLÞ\’ÙUSÕ\ÔNÕ›S’ŒšÒMÞZÑÐOOH‹ˆ›XÙ[œÙHŽˆ“RU‹ˆ™[™Ú[™\ÈŽˆÂˆ››ÙHŽˆLLˆ‚ˆKˆ™[™[™ÈŽˆÂˆ\›ŽˆšÎ‹ËÙÚ]X‹˜ÛÛKÜÜÛœÛÜœËÚ›ÛœØÚ[šÙ\‚ˆBˆKˆ››ÙWÛ[Ù[\ËÜÜÝÜÜÈŽˆÂˆ™\œÚ[ÛˆŽˆŽKŒŽ‹ˆœ™\ÛÛ™YŽˆšÎ‹ËÜ™YÚ\ÝžK›œZœË›Ü™ËÜÜÝÜÜËËKÜÜÝÜÜËNKŒŽÞˆ‹ˆš[YÜš]HŽˆœÚMLL‹T”^œQVNZÜ]^ZÚÊÕœÛUœÍ•ÝÔÕM“Ò“YVMÝQQVUÎR”Ù]ÓTž›^]ŠÒÑ[ÑÎŒÔYÌœSM]“KÐOOH‹ˆ™[™[™ÈŽˆÂˆÂˆ\HŽˆ›Ü[˜ÛÛXÝ]™H‹ˆ\›ŽˆšÎ‹ËÛÜ[˜ÛÛXÝ]™K˜ÛÛKÜÜÝÜÜËÈ‚ˆKˆÂˆ\HŽˆY[Y‹ˆ\›ŽˆšÎ‹ËÝY[Y˜ÛÛKÙ[™[™ËÙÚ]X‹ÛœKÜÜÝÜÜÈ‚ˆKˆÂˆ\HŽˆ™Ú]Xˆ‹ˆ\›ŽˆšÎ‹ËÙÚ]X‹˜ÛÛKÜÜÛœÛÜœËØZH‚ˆBˆKˆ›XÙ[œÙHŽˆ“RU‹ˆ™\[™[˜ÚY\ÈŽˆÂˆ›˜[›ÚYŽˆ—ŒËŒËŒN‹ˆœXÛØÛÛÜœÈŽˆ—ŒKŒKŒH‹ˆœÛÝ\˜ÙK[X\ZœÈŽˆ—ŒKŒ‹ŒH‚ˆKˆ™[™Ú[™\ÈŽˆÂˆ››ÙHŽˆ—ŒLŒLˆLM‚ˆBˆKˆ››ÙWÛ[Ù[\ËÜ™XXÝŽˆÂˆ™\œÚ[ÛˆŽˆŒNKŒËŒ‹ˆœ™\ÛÛ™YŽˆšÎ‹ËÜ™YÚ\ÝžK›œZœË›Ü™ËÜ™XXÝËKÜ™XXÝLNKŒËŒÞˆ‹ˆš[YÜš]HŽˆœÚMLL‹QNXØ•ÝŒ˜›–[Òž‘™•“ÒÝÖ›ŽXÑÒ‹Û[Ð\ÜP˜ÚÝÖ›Õ–Ì–’SRšTÚÐÔŒUTÛÙÏOH‹ˆ›XÙ[œÙHŽˆ“RU‹ˆ™[™Ú[™\ÈŽˆÂˆ››ÙHŽˆLŒLŒ‚ˆBˆKˆ››ÙWÛ[Ù[\ËÜ™XXÝYÛHŽˆÂˆ™\œÚ[ÛˆŽˆŒNKŒËŒ‹ˆœ™\ÛÛ™YŽˆšÎ‹ËÜ™YÚ\ÝžK›œZœË›Ü™ËÜ™XXÝYÛKËKÜ™XXÝYÛKLNKŒËŒÞˆ‹ˆš[YÜš]HŽˆœÚMLL‹R‘ÎÚYLSÚ‘›ÑMÌ
ÓÕRPÞV\ŠÍŽRZZÜJÓœÙ˜›˜LÝ\ÒZPØNV’šÝTMÌX‹Ü›ŒšPTŒVV\\ŒOOH‹ˆ›XÙ[œÙHŽˆ“RU‹ˆ™\[™[˜ÚY\ÈŽˆÂˆœØÚY[\ˆŽˆ—ŒŒŽŒ‚ˆKˆœY\‘\[™[˜ÚY\ÈŽˆÂˆœ™XXÝŽˆ—ŒNKŒËŒ‚ˆBˆKˆ››ÙWÛ[Ù[\ËÜ›ÛÝÛˆŽˆÂˆ™\œÚ[ÛˆŽˆŒKŒ‹ŒLˆ‹ˆœ™\ÛÛ™YŽˆšÎ‹ËÜ™YÚ\ÝžK›œZœË›Ü™ËÜ›ÛÝÛ‹ËKÜ›ÛÝÛ‹LKŒ‹ŒL‹Þˆ‹ˆš[YÜš]HŽˆœÚMLL‹NØYœÙZXQÎVÙœZYSœV˜Þ[T–
Þ˜L›JÚœÌœÑ–Ž›SÕŒ•ØØ’TšÝÔ’œUQÑSVŽX™Ð“ÔOOH‹ˆ›XÙ[œÙHŽˆ“RU‹ˆ™\[™[˜ÚY\ÈŽˆÂˆÞË\›Ú™XÝÝ\\ÈŽˆLŒML‹Œ‹ˆ›ÛÝÛ‹ÜYÚ[][ÈŽˆ—ŒKŒŒ‚ˆKˆ˜š[ˆŽˆÂˆœ›ÛÝÛˆŽˆ˜š[‹ØÛK›ZœÈ‚ˆKˆ™[™Ú[™\ÈŽˆÂˆ››ÙHŽˆ—ŒŒŒNKŒLŒ‹ŒL‹Œ‚ˆKˆ›Ü[Û˜[\[™[˜ÚY\ÈŽˆÂˆ›ÛÝÛ‹Øš[™[™ËX[™›ÚYX\›KYXXšHŽˆŒKŒ‹ŒLˆ‹ˆ›ÛÝÛ‹Øš[™[™ËX[™›ÚYX\›MŽˆŒKŒ‹ŒLˆ‹ˆ›ÛÝÛ‹Øš[™[™ËY\Ú[‹X\›MŽˆŒKŒ‹ŒLˆ‹ˆ›ÛÝÛ‹Øš[™[™ËY\Ú[‹^ŽˆŒKŒ‹ŒLˆ‹ˆ›ÛÝÛ‹Øš[™[™ËYœ™YXœÙ^ŽˆŒKŒ‹ŒLˆ‹ˆ›ÛÝÛ‹Øš[™[™Ë[[^X\›KYÛYXXšZˆŽˆŒKŒ‹ŒLˆ‹ˆ›ÛÝÛ‹Øš[™[™Ë[[^X\›MYÛHŽˆŒKŒ‹ŒLˆ‹ˆ›ÛÝÛ‹Øš[™[™Ë[[^X\›M[]\ÛŽˆŒKŒ‹ŒLˆ‹ˆ›ÛÝÛ‹Øš[™[™Ë[[^\ÍYÛHŽˆŒKŒ‹ŒLˆ‹ˆ›ÛÝÛ‹Øš[™[™Ë[[^\ÌÎLYÛHŽˆŒKŒ‹ŒLˆ‹ˆ›ÛÝÛ‹Øš[™[™Ë[[^^YÛHŽˆŒKŒ‹ŒLˆ‹ˆ›ÛÝÛ‹Øš[™[™Ë[[^^[]\ÛŽˆŒKŒ‹ŒLˆ‹ˆ›ÛÝÛ‹Øš[™[™Ë[Ü[š\›[ÛžKX\›MŽˆŒKŒ‹ŒLˆ‹ˆ›ÛÝÛ‹Øš[™[™Ë]Ú[ŒÌ‹X\›M[\Ý˜ÈŽˆŒKŒ‹ŒLˆ‹ˆ›ÛÝÛ‹Øš[™[™Ë]Ú[ŒÌ‹^[\Ý˜ÈŽˆŒKŒ‹ŒLˆ‚ˆBˆKˆ››ÙWÛ[Ù[\ËÜØÚY[\ˆŽˆÂˆ™\œÚ[ÛˆŽˆŒŒŽŒ‹ˆœ™\ÛÛ™YŽˆšÎ‹ËÜ™YÚ\ÝžK›œZœË›Ü™ËÜØÚY[\‹ËKÜØÚY[\‹LŒŽŒÞˆ‹ˆš[YÜš]HŽˆœÚMLL‹Z[Ü™ÛRZÒ]Î
ÜP–ÛM”š”Q‹ÞXÑV[RÞ^•TÒ]Ô˜V’Z
Ô[”NV]LžŒRÒ‘QLJÞÐ›RœØÞ]ÏOH‹ˆ›XÙ[œÙHŽˆ“RU‚ˆKˆ››ÙWÛ[Ù[\ËÜÛÝ\˜ÙK[X\ZœÈŽˆÂˆ™\œÚ[ÛˆŽˆŒKŒ‹Œˆ‹ˆœ™\ÛÛ™YŽˆšÎ‹ËÜ™YÚ\ÝžK›œZœË›Ü™ËÜÛÝ\˜ÙK[X\ZœËËKÜÛÝ\˜ÙK[X\ZœËLKŒ‹Œ‹Þˆ‹ˆš[YÜš]HŽˆœÚMLL‹RÑÚ‹ÎMÞÍXV•‘
ÒRÌZÓÒSVY”ÚÓÑ“”Z“‘ÌÛÕÌTTÞ]ÛÌ\ÕÓKÕQQÞ“Ó‹ÓžR]ÑY“–”ÕÏOH‹ˆ›XÙ[œÙHŽˆ”ÑLËPÛ]\ÙH‹ˆ™[™Ú[™\ÈŽˆÂˆ››ÙHŽˆLŒLŒ‚ˆBˆKˆ››ÙWÛ[Ù[\ËÝ[žYÛØ˜žHŽˆÂˆ™\œÚ[ÛˆŽˆŒŒ‹ŒMÈ‹ˆœ™\ÛÛ™YŽˆšÎ‹ËÜ™YÚ\ÝžK›œZœË›Ü™ËÝ[žYÛØ˜žKËKÝ[žYÛØ˜žKLŒ‹ŒMËÞˆ‹ˆš[YÜš]HŽˆœÚMLL‹]Ö‹Ù\ÜRÛY•ÜYššRÒ“ÝÐÓ‘›™[œ•ËØÖZ•‘ÝZÐ™•™ØÓ’Óœ›ÛZ“ÕšXÎ^^SMX[ÙÑ”^UL™ÏOH‹ˆ›XÙ[œÙHŽˆ“RU‹ˆ™\[™[˜ÚY\ÈŽˆÂˆ™™\ˆŽˆ—‹KŒ‹ˆœXÛÛX]ÚŽˆ—Œ‚ˆKˆ™[™Ú[™\ÈŽˆÂˆ››ÙHŽˆLL‹ŒŒ‚ˆKˆ™[™[™ÈŽˆÂˆ\›ŽˆšÎ‹ËÙÚ]X‹˜ÛÛKÜÜÛœÛÜœËÔÝ\\˜Ú\Q]ˆ‚ˆBˆKˆ››ÙWÛ[Ù[\ËÝš]HŽˆÂˆ™\œÚ[ÛˆŽˆŽŒËŒH‹ˆœ™\ÛÛ™YŽˆšÎ‹ËÜ™YÚ\ÝžK›œZœË›Ü™ËÝš]KËKÝš]KNŒËŒKÞˆ‹ˆš[YÜš]HŽˆœÚMLL‹KØ’QN]PÖ‘ÜVLÕØ“Û\ÑšØšKÎS˜QTM•šÞŒÞ\SÙÖœM›ÌžJÍUM^JÎYUR\MÝQÛ“ÐÒÚOOH‹ˆ›XÙ[œÙHŽˆ“RU‹ˆ™\[™[˜ÚY\ÈŽˆÂˆ›YÚš[™ØÜÜÈŽˆ—ŒKŒÌËŒ‹ˆœXÛÛX]ÚŽˆ—ŒÈ‹ˆœÜÝÜÜÈŽˆ—ŽKŒŽ‹ˆœ›ÛÝÛˆŽˆŸŒKŒ‹ŽH‹ˆ[žYÛØ˜žHŽˆ—ŒŒ‹ŒMÈ‚ˆKˆ˜š[ˆŽˆÂˆš]HŽˆ˜š[‹Ýš]KšœÈ‚ˆKˆ™[™Ú[™\ÈŽˆÂˆ››ÙHŽˆ—ŒŒŒNKŒLŒ‹ŒL‹Œ‚ˆKˆ™[™[™ÈŽˆÂˆ\›ŽˆšÎ‹ËÙÚ]X‹˜ÛÛKÝš]ZœËÝš]OÜÜÛœÛÜLH‚ˆKˆ›Ü[Û˜[\[™[˜ÚY\ÈŽˆÂˆ™œÙ]™[ÈŽˆŸŒ‹ŒËŒÈ‚ˆKˆœY\‘\[™[˜ÚY\ÈŽˆÂˆ\\ËÛ›ÙHŽˆ—ŒŒŒNKŒLŒ‹ŒL‹Œ‹ˆš]ZœËÙ]ÛÛÈŽˆ—ŒËŒH‹ˆ™\ØZ[Žˆ—ŒŒËŒŒŒŽŒ‹ˆšš]HŽˆLKŒŒKŒ‹ˆ›\ÜÈŽˆ—ŒŒ‹ˆœØ\ÜÈŽˆ—ŒKÌŒ‹ˆœØ\ÜËY[X™YYŽˆ—ŒKÌŒ‹ˆœÝ[\ÈŽˆLMŽ‹ˆœÝYØ\œÜÈŽˆ—KŒŒ‹ˆ\œÙ\ˆŽˆ—KŒM‹Œ‹ˆÞŽˆ—ŽŒH‹ˆžX[[Žˆ—Œ‹Œˆ‚ˆKˆœY\‘\[™[˜ÚY\ÓY]HŽˆÂˆ\\ËÛ›ÙHŽˆÂˆ›Ü[Û˜[ŽˆYBˆKˆš]ZœËÙ]ÛÛÈŽˆÂˆ›Ü[Û˜[ŽˆYBˆKˆ™\ØZ[ŽˆÂˆ›Ü[Û˜[ŽˆYBˆKˆšš]HŽˆÂˆ›Ü[Û˜[ŽˆYBˆKˆ›\ÜÈŽˆÂˆ›Ü[Û˜[ŽˆYBˆKˆœØ\ÜÈŽˆÂˆ›Ü[Û˜[ŽˆYBˆKˆœØ\ÜËY[X™YYŽˆÂˆ›Ü[Û˜[ŽˆYBˆKˆœÝ[\ÈŽˆÂˆ›Ü[Û˜[ŽˆYBˆKˆœÝYØ\œÜÈŽˆÂˆ›Ü[Û˜[ŽˆYBˆKˆ\œÙ\ˆŽˆÂˆ›Ü[Û˜[ŽˆYBˆKˆÞŽˆÂˆ›Ü[Û˜[ŽˆYBˆKˆžX[[ŽˆÂˆ›Ü[Û˜[ŽˆYBˆBˆBˆBˆBŸB